
Microsoft Visual Studio Solution File, Format Version 12.00
# Visual Studio Version 16
VisualStudioVersion = 16.0.28803.156
MinimumVisualStudioVersion = 10.0.40219.1
Project("{9A19103F-16F7-4668-BE54-9A1E7A4F7556}") = "Tutors.Service", "Tutors.Service\Tutors.Service.csproj", "{3F6F5258-8ACE-4F6A-BC3A-82325C07CF9B}"
EndProject
Project("{9A19103F-16F7-4668-BE54-9A1E7A4F7556}") = "Tutors.Domain", "Tutors.Domain\Tutors.Domain.csproj", "{F06CA721-CA65-4A4F-868A-E73314EE6216}"
EndProject
Project("{9A19103F-16F7-4668-BE54-9A1E7A4F7556}") = "Tutors.Service.Dto", "Tutors.Service.Dto\Tutors.Service.Dto.csproj", "{7C8AAA00-4169-4C0C-B306-4CF2EF86F477}"
EndProject
Project("{9A19103F-16F7-4668-BE54-9A1E7A4F7556}") = "Tutors.WebApi", "Tutors.WebApi\Tutors.WebApi.csproj", "{D1EBF74D-27C3-4962-93BC-A32FF75F11D9}"
EndProject
Project("{9A19103F-16F7-4668-BE54-9A1E7A4F7556}") = "Tutors.Dao.Abstract", "Tutors.Dao.Abstract\Tutors.Dao.Abstract.csproj", "{D3FEBB91-5DD2-4F8E-AE8D-F9FB477C8F96}"
EndProject
Project("{2150E333-8FDC-42A3-9474-1A3956D46DE8}") = "Dao", "Dao", "{B54CCE39-3D04-46DF-85BA-6D8591748CCC}"
EndProject
Project("{2150E333-8FDC-42A3-9474-1A3956D46DE8}") = "Domain", "Domain", "{7DE8B719-5378-4F01-B5D5-74A4E282C256}"
EndProject
Project("{2150E333-8FDC-42A3-9474-1A3956D46DE8}") = "Service", "Service", "{7DF41FC3-F20C-44F1-8976-67C5DD691EF5}"
EndProject
Project("{2150E333-8FDC-42A3-9474-1A3956D46DE8}") = "Web", "Web", "{97137166-70B6-44B1-A308-528C07FADCF6}"
EndProject
Project("{9A19103F-16F7-4668-BE54-9A1E7A4F7556}") = "Tutors.Dao.Memory", "Tutors.Dao.Memory\Tutors.Dao.Memory.csproj", "{09118C1F-5CC8-43D7-B7DC-22111E694EAB}"
EndProject
Project("{2150E333-8FDC-42A3-9474-1A3956D46DE8}") = "Iocs", "Iocs", "{AE991B03-E8EA-4AB7-8374-3C54D26037BC}"
EndProject
Project("{9A19103F-16F7-4668-BE54-9A1E7A4F7556}") = "Tutors.Iocs.AutofacConfigurator", "Tutors.Iocs.AutofacConfigurator\Tutors.Iocs.AutofacConfigurator.csproj", "{2C43493D-B4E6-4172-B103-36CB576C8093}"
EndProject
Project("{9A19103F-16F7-4668-BE54-9A1E7A4F7556}") = "Tutors.Service.Domain", "Tutors.Service.Domain\Tutors.Service.Domain.csproj", "{F2ABC54C-0D91-4B76-A965-9CEF571A6A2F}"
EndProject
Project("{2150E333-8FDC-42A3-9474-1A3956D46DE8}") = "Test", "Test", "{19609881-979D-4B96-BDAB-9C2A9E9AB0F7}"
EndProject
Project("{9A19103F-16F7-4668-BE54-9A1E7A4F7556}") = "Tutors.Test", "Tutors.Test\Tutors.Test.csproj", "{57EB9E25-437D-4468-99BC-7601019E1806}"
EndProject
Project("{9A19103F-16F7-4668-BE54-9A1E7A4F7556}") = "IdentityServer", "IdentityServer\IdentityServer.csproj", "{5165CB0B-A758-4427-A6B2-D47BE4866CDA}"
EndProject
Project("{FAE04EC0-301F-11D3-BF4B-00C04F79EFBC}") = "Tutors.Dao.Mongo", "Tutors.Dao.Mongo\Tutors.Dao.Mongo.csproj", "{630FC5D8-B55A-460A-9A45-8B5EF0B201D9}"
EndProject
Global
	GlobalSection(SolutionConfigurationPlatforms) = preSolution
		Debug|Any CPU = Debug|Any CPU
		Release|Any CPU = Release|Any CPU
	EndGlobalSection
	GlobalSection(ProjectConfigurationPlatforms) = postSolution
		{3F6F5258-8ACE-4F6A-BC3A-82325C07CF9B}.Debug|Any CPU.ActiveCfg = Debug|Any CPU
		{3F6F5258-8ACE-4F6A-BC3A-82325C07CF9B}.Debug|Any CPU.Build.0 = Debug|Any CPU
		{3F6F5258-8ACE-4F6A-BC3A-82325C07CF9B}.Release|Any CPU.ActiveCfg = Release|Any CPU
		{3F6F5258-8ACE-4F6A-BC3A-82325C07CF9B}.Release|Any CPU.Build.0 = Release|Any CPU
		{F06CA721-CA65-4A4F-868A-E73314EE6216}.Debug|Any CPU.ActiveCfg = Debug|Any CPU
		{F06CA721-CA65-4A4F-868A-E73314EE6216}.Debug|Any CPU.Build.0 = Debug|Any CPU
		{F06CA721-CA65-4A4F-868A-E73314EE6216}.Release|Any CPU.ActiveCfg = Release|Any CPU
		{F06CA721-CA65-4A4F-868A-E73314EE6216}.Release|Any CPU.Build.0 = Release|Any CPU
		{7C8AAA00-4169-4C0C-B306-4CF2EF86F477}.Debug|Any CPU.ActiveCfg = Debug|Any CPU
		{7C8AAA00-4169-4C0C-B306-4CF2EF86F477}.Debug|Any CPU.Build.0 = Debug|Any CPU
		{7C8AAA00-4169-4C0C-B306-4CF2EF86F477}.Release|Any CPU.ActiveCfg = Release|Any CPU
		{7C8AAA00-4169-4C0C-B306-4CF2EF86F477}.Release|Any CPU.Build.0 = Release|Any CPU
		{D1EBF74D-27C3-4962-93BC-A32FF75F11D9}.Debug|Any CPU.ActiveCfg = Debug|Any CPU
		{D1EBF74D-27C3-4962-93BC-A32FF75F11D9}.Debug|Any CPU.Build.0 = Debug|Any CPU
		{D1EBF74D-27C3-4962-93BC-A32FF75F11D9}.Release|Any CPU.ActiveCfg = Release|Any CPU
		{D1EBF74D-27C3-4962-93BC-A32FF75F11D9}.Release|Any CPU.Build.0 = Release|Any CPU
		{D3FEBB91-5DD2-4F8E-AE8D-F9FB477C8F96}.Debug|Any CPU.ActiveCfg = Debug|Any CPU
		{D3FEBB91-5DD2-4F8E-AE8D-F9FB477C8F96}.Debug|Any CPU.Build.0 = Debug|Any CPU
		{D3FEBB91-5DD2-4F8E-AE8D-F9FB477C8F96}.Release|Any CPU.ActiveCfg = Release|Any CPU
		{D3FEBB91-5DD2-4F8E-AE8D-F9FB477C8F96}.Release|Any CPU.Build.0 = Release|Any CPU
		{09118C1F-5CC8-43D7-B7DC-22111E694EAB}.Debug|Any CPU.ActiveCfg = Debug|Any CPU
		{09118C1F-5CC8-43D7-B7DC-22111E694EAB}.Debug|Any CPU.Build.0 = Debug|Any CPU
		{09118C1F-5CC8-43D7-B7DC-22111E694EAB}.Release|Any CPU.ActiveCfg = Release|Any CPU
		{09118C1F-5CC8-43D7-B7DC-22111E694EAB}.Release|Any CPU.Build.0 = Release|Any CPU
		{2C43493D-B4E6-4172-B103-36CB576C8093}.Debug|Any CPU.ActiveCfg = Debug|Any CPU
		{2C43493D-B4E6-4172-B103-36CB576C8093}.Debug|Any CPU.Build.0 = Debug|Any CPU
		{2C43493D-B4E6-4172-B103-36CB576C8093}.Release|Any CPU.ActiveCfg = Release|Any CPU
		{2C43493D-B4E6-4172-B103-36CB576C8093}.Release|Any CPU.Build.0 = Release|Any CPU
		{F2ABC54C-0D91-4B76-A965-9CEF571A6A2F}.Debug|Any CPU.ActiveCfg = Debug|Any CPU
		{F2ABC54C-0D91-4B76-A965-9CEF571A6A2F}.Debug|Any CPU.Build.0 = Debug|Any CPU
		{F2ABC54C-0D91-4B76-A965-9CEF571A6A2F}.Release|Any CPU.ActiveCfg = Release|Any CPU
		{F2ABC54C-0D91-4B76-A965-9CEF571A6A2F}.Release|Any CPU.Build.0 = Release|Any CPU
		{57EB9E25-437D-4468-99BC-7601019E1806}.Debug|Any CPU.ActiveCfg = Debug|Any CPU
		{57EB9E25-437D-4468-99BC-7601019E1806}.Debug|Any CPU.Build.0 = Debug|Any CPU
		{57EB9E25-437D-4468-99BC-7601019E1806}.Release|Any CPU.ActiveCfg = Release|Any CPU
		{57EB9E25-437D-4468-99BC-7601019E1806}.Release|Any CPU.Build.0 = Release|Any CPU
		{5165CB0B-A758-4427-A6B2-D47BE4866CDA}.Debug|Any CPU.ActiveCfg = Debug|Any CPU
		{5165CB0B-A758-4427-A6B2-D47BE4866CDA}.Debug|Any CPU.Build.0 = Debug|Any CPU
		{5165CB0B-A758-4427-A6B2-D47BE4866CDA}.Release|Any CPU.ActiveCfg = Release|Any CPU
		{5165CB0B-A758-4427-A6B2-D47BE4866CDA}.Release|Any CPU.Build.0 = Release|Any CPU
		{630FC5D8-B55A-460A-9A45-8B5EF0B201D9}.Debug|Any CPU.ActiveCfg = Debug|Any CPU
		{630FC5D8-B55A-460A-9A45-8B5EF0B201D9}.Debug|Any CPU.Build.0 = Debug|Any CPU
		{630FC5D8-B55A-460A-9A45-8B5EF0B201D9}.Release|Any CPU.ActiveCfg = Release|Any CPU
		{630FC5D8-B55A-460A-9A45-8B5EF0B201D9}.Release|Any CPU.Build.0 = Release|Any CPU
	EndGlobalSection
	GlobalSection(SolutionProperties) = preSolution
		HideSolutionNode = FALSE
	EndGlobalSection
	GlobalSection(NestedProjects) = preSolution
		{3F6F5258-8ACE-4F6A-BC3A-82325C07CF9B} = {7DF41FC3-F20C-44F1-8976-67C5DD691EF5}
		{F06CA721-CA65-4A4F-868A-E73314EE6216} = {7DE8B719-5378-4F01-B5D5-74A4E282C256}
		{7C8AAA00-4169-4C0C-B306-4CF2EF86F477} = {7DF41FC3-F20C-44F1-8976-67C5DD691EF5}
		{D1EBF74D-27C3-4962-93BC-A32FF75F11D9} = {97137166-70B6-44B1-A308-528C07FADCF6}
		{D3FEBB91-5DD2-4F8E-AE8D-F9FB477C8F96} = {B54CCE39-3D04-46DF-85BA-6D8591748CCC}
		{09118C1F-5CC8-43D7-B7DC-22111E694EAB} = {B54CCE39-3D04-46DF-85BA-6D8591748CCC}
		{2C43493D-B4E6-4172-B103-36CB576C8093} = {AE991B03-E8EA-4AB7-8374-3C54D26037BC}
		{F2ABC54C-0D91-4B76-A965-9CEF571A6A2F} = {7DE8B719-5378-4F01-B5D5-74A4E282C256}
		{57EB9E25-437D-4468-99BC-7601019E1806} = {19609881-979D-4B96-BDAB-9C2A9E9AB0F7}
		{630FC5D8-B55A-460A-9A45-8B5EF0B201D9} = {B54CCE39-3D04-46DF-85BA-6D8591748CCC}
	EndGlobalSection
	GlobalSection(ExtensibilityGlobals) = postSolution
		SolutionGuid = {DB985139-C966-41D2-B3B8-03F596031827}
	EndGlobalSection
EndGlobal
