
Microsoft Visual Studio Solution File, Format Version 12.00
# Visual Studio 15
VisualStudioVersion = 15.0.28010.2016
MinimumVisualStudioVersion = 10.0.40219.1
Project("{9A19103F-16F7-4668-BE54-9A1E7A4F7556}") = "Tutors.WebApi", "Tutors.WebApi\Tutors.WebApi.csproj", "{4250F98A-7BF9-4B84-9416-1AC4DCE7421F}"
EndProject
Project("{9A19103F-16F7-4668-BE54-9A1E7A4F7556}") = "Tutors.Service", "Tutors.Service\Tutors.Service.csproj", "{3F6F5258-8ACE-4F6A-BC3A-82325C07CF9B}"
EndProject
Project("{9A19103F-16F7-4668-BE54-9A1E7A4F7556}") = "Tutors.Domain", "Tutors.Domain\Tutors.Domain.csproj", "{F06CA721-CA65-4A4F-868A-E73314EE6216}"
EndProject
Project("{FAE04EC0-301F-11D3-BF4B-00C04F79EFBC}") = "Tutors.Service.Dto", "Tutors.Service.Dto\Tutors.Service.Dto.csproj", "{7C8AAA00-4169-4C0C-B306-4CF2EF86F477}"
EndProject
Global
	GlobalSection(SolutionConfigurationPlatforms) = preSolution
		Debug|Any CPU = Debug|Any CPU
		Release|Any CPU = Release|Any CPU
	EndGlobalSection
	GlobalSection(ProjectConfigurationPlatforms) = postSolution
		{4250F98A-7BF9-4B84-9416-1AC4DCE7421F}.Debug|Any CPU.ActiveCfg = Debug|Any CPU
		{4250F98A-7BF9-4B84-9416-1AC4DCE7421F}.Debug|Any CPU.Build.0 = Debug|Any CPU
		{4250F98A-7BF9-4B84-9416-1AC4DCE7421F}.Release|Any CPU.ActiveCfg = Release|Any CPU
		{4250F98A-7BF9-4B84-9416-1AC4DCE7421F}.Release|Any CPU.Build.0 = Release|Any CPU
		{3F6F5258-8ACE-4F6A-BC3A-82325C07CF9B}.Debug|Any CPU.ActiveCfg = Debug|Any CPU
		{3F6F5258-8ACE-4F6A-BC3A-82325C07CF9B}.Debug|Any CPU.Build.0 = Debug|Any CPU
		{3F6F5258-8ACE-4F6A-BC3A-82325C07CF9B}.Release|Any CPU.ActiveCfg = Release|Any CPU
		{3F6F5258-8ACE-4F6A-BC3A-82325C07CF9B}.Release|Any CPU.Build.0 = Release|Any CPU
		{F06CA721-CA65-4A4F-868A-E73314EE6216}.Debug|Any CPU.ActiveCfg = Debug|Any CPU
		{F06CA721-CA65-4A4F-868A-E73314EE6216}.Debug|Any CPU.Build.0 = Debug|Any CPU
		{F06CA721-CA65-4A4F-868A-E73314EE6216}.Release|Any CPU.ActiveCfg = Release|Any CPU
		{F06CA721-CA65-4A4F-868A-E73314EE6216}.Release|Any CPU.Build.0 = Release|Any CPU
		{7C8AAA00-4169-4C0C-B306-4CF2EF86F477}.Debug|Any CPU.ActiveCfg = Debug|Any CPU
		{7C8AAA00-4169-4C0C-B306-4CF2EF86F477}.Debug|Any CPU.Build.0 = Debug|Any CPU
		{7C8AAA00-4169-4C0C-B306-4CF2EF86F477}.Release|Any CPU.ActiveCfg = Release|Any CPU
		{7C8AAA00-4169-4C0C-B306-4CF2EF86F477}.Release|Any CPU.Build.0 = Release|Any CPU
	EndGlobalSection
	GlobalSection(SolutionProperties) = preSolution
		HideSolutionNode = FALSE
	EndGlobalSection
	GlobalSection(ExtensibilityGlobals) = postSolution
		SolutionGuid = {DB985139-C966-41D2-B3B8-03F596031827}
	EndGlobalSection
EndGlobal
